
Microsoft Visual Studio Solution File, Format Version 10.00
# Visual C# Express 2008
Project("{FAE04EC0-301F-11D3-BF4B-00C04F79EFBC}") = "RoombaSniffer", "RoombaSniffer\RoombaSniffer.csproj", "{47AFDDB4-F5FC-4790-B580-A86FA0D00DE9}"
EndProject
Global
	GlobalSection(SolutionConfigurationPlatforms) = preSolution
		Debug|Any CPU = Debug|Any CPU
		Release|Any CPU = Release|Any CPU
	EndGlobalSection
	GlobalSection(ProjectConfigurationPlatforms) = postSolution
		{47AFDDB4-F5FC-4790-B580-A86FA0D00DE9}.Debug|Any CPU.ActiveCfg = Debug|Any CPU
		{47AFDDB4-F5FC-4790-B580-A86FA0D00DE9}.Debug|Any CPU.Build.0 = Debug|Any CPU
		{47AFDDB4-F5FC-4790-B580-A86FA0D00DE9}.Release|Any CPU.ActiveCfg = Release|Any CPU
		{47AFDDB4-F5FC-4790-B580-A86FA0D00DE9}.Release|Any CPU.Build.0 = Release|Any CPU
	EndGlobalSection
	GlobalSection(SolutionProperties) = preSolution
		HideSolutionNode = FALSE
	EndGlobalSection
EndGlobal
